
Microsoft Visual Studio Solution File, Format Version 12.00
Project("{FAE04EC0-301F-11D3-BF4B-00C04F79EFBC}") = "ElevatorApi.Tests", "ElevatorApi.Tests\ElevatorApi.Tests.csproj", "{51DB2EE8-9951-4384-A895-F574CDC2F9F1}"
EndProject
Project("{FAE04EC0-301F-11D3-BF4B-00C04F79EFBC}") = "ElevatorApi.Api", "ElevatorApi.Api\ElevatorApi.Api.csproj", "{79C13539-6D9B-492C-82EC-96CFFFFA7768}"
EndProject
Project("{FAE04EC0-301F-11D3-BF4B-00C04F79EFBC}") = "ElevatorApi.Client", "ElevatorApi.Client\ElevatorApi.Client.csproj", "{B58F9060-A151-4D8C-8946-5A1CE1253531}"
EndProject
Global
	GlobalSection(SolutionConfigurationPlatforms) = preSolution
		Debug|Any CPU = Debug|Any CPU
		Release|Any CPU = Release|Any CPU
	EndGlobalSection
	GlobalSection(ProjectConfigurationPlatforms) = postSolution
		{51DB2EE8-9951-4384-A895-F574CDC2F9F1}.Debug|Any CPU.ActiveCfg = Debug|Any CPU
		{51DB2EE8-9951-4384-A895-F574CDC2F9F1}.Debug|Any CPU.Build.0 = Debug|Any CPU
		{51DB2EE8-9951-4384-A895-F574CDC2F9F1}.Release|Any CPU.ActiveCfg = Release|Any CPU
		{51DB2EE8-9951-4384-A895-F574CDC2F9F1}.Release|Any CPU.Build.0 = Release|Any CPU
		{79C13539-6D9B-492C-82EC-96CFFFFA7768}.Debug|Any CPU.ActiveCfg = Debug|Any CPU
		{79C13539-6D9B-492C-82EC-96CFFFFA7768}.Debug|Any CPU.Build.0 = Debug|Any CPU
		{79C13539-6D9B-492C-82EC-96CFFFFA7768}.Release|Any CPU.ActiveCfg = Release|Any CPU
		{79C13539-6D9B-492C-82EC-96CFFFFA7768}.Release|Any CPU.Build.0 = Release|Any CPU
		{B58F9060-A151-4D8C-8946-5A1CE1253531}.Debug|Any CPU.ActiveCfg = Debug|Any CPU
		{B58F9060-A151-4D8C-8946-5A1CE1253531}.Debug|Any CPU.Build.0 = Debug|Any CPU
		{B58F9060-A151-4D8C-8946-5A1CE1253531}.Release|Any CPU.ActiveCfg = Release|Any CPU
		{B58F9060-A151-4D8C-8946-5A1CE1253531}.Release|Any CPU.Build.0 = Release|Any CPU
	EndGlobalSection
EndGlobal
